<Solution>
  <Folder Name="/src/">
    <Project Path="src/TrispotQR.App/TrispotQR.App.csproj" />
    <Project Path="src/TrispotQR.Core/TrispotQR.Core.csproj" />
    <Project Path="src/TrispotQR.UI/TrispotQR.UI.csproj" />
    <Project Path="src/TrispotQR.ViewModels/TrispotQR.ViewModels.csproj" />
  </Folder>
  <Folder Name="/tests/">
    <Project Path="tests/TrispotQR.Core.Tests/TrispotQR.Core.Tests.csproj" />
    <Project Path="tests/TrispotQR.Tests/TrispotQR.Tests.csproj" />
    <Project Path="tests/TrispotQR.UI.Tests/TrispotQR.UI.Tests.csproj" />
    <Project Path="tests/TrispotQR.ViewModels.Tests/TrispotQR.ViewModels.Tests.csproj" />
  </Folder>
</Solution>
